// !$*UTF8*$!
{
	archiveVersion = 1;
	classes = {
	};
	objectVersion = 46;
	objects = {

/* Begin PBXBuildFile section */
		CF5C8E081BEFE46E00AF20F6 /* main.c in Sources */ = {isa = PBXBuildFile; fileRef = CF5C8E061BEFE46E00AF20F6 /* main.c */; };
/* End PBXBuildFile section */

/* Begin PBXCopyFilesBuildPhase section */
		CF53FDC51BEFE2F900E7931E /* CopyFiles */ = {
			isa = PBXCopyFilesBuildPhase;
			buildActionMask = 2147483647;
			dstPath = /usr/share/man/man1/;
			dstSubfolderSpec = 0;
			files = (
			);
			runOnlyForDeploymentPostprocessing = 1;
		};
/* End PBXCopyFilesBuildPhase section */

/* Begin PBXFileReference section */
		CF53FDC71BEFE2F900E7931E /* inf */ = {isa = PBXFileReference; explicitFileType = "compiled.mach-o.executable"; includeInIndex = 0; path = inf; sourceTree = BUILT_PRODUCTS_DIR; };
		CF5C8E061BEFE46E00AF20F6 /* main.c */ = {isa = PBXFileReference; fileEncoding = 4; lastKnownFileType = sourcecode.c.c; path = main.c; sourceTree = "<group>"; };
		CF5C8E071BEFE46E00AF20F6 /* main.h */ = {isa = PBXFileReference; fileEncoding = 4; lastKnownFileType = sourcecode.c.h; path = main.h; sourceTree = "<group>"; };
/* End PBXFileReference section */

/* Begin PBXFrameworksBuildPhase section */
		CF53FDC41BEFE2F900E7931E /* Frameworks */ = {
			isa = PBXFrameworksBuildPhase;
			buildActionMask = 2147483647;
			files = (
			);
			runOnlyForDeploymentPostprocessing = 0;
		};
/* End PBXFrameworksBuildPhase section */

/* Begin PBXGroup section */
		CF53FDBE1BEFE2F900E7931E = {
			isa = PBXGroup;
			children = (
				CF53FDC91BEFE2F900E7931E /* inf */,
				CF53FDC81BEFE2F900E7931E /* Products */,
			);
			sourceTree = "<group>";
		};
		CF53FDC81BEFE2F900E7931E /* Products */ = {
			isa = PBXGroup;
			children = (
				CF53FDC71BEFE2F900E7931E /* inf */,
			);
			name = Products;
			sourceTree = "<group>";
		};
		CF53FDC91BEFE2F900E7931E /* inf */ = {
			isa = PBXGroup;
			children = (
				CF5C8E061BEFE46E00AF20F6 /* main.c */,
				CF5C8E071BEFE46E00AF20F6 /* main.h */,
			);
			path = inf;
			sourceTree = "<group>";
		};
/* End PBXGroup section */

/* Begin PBXNativeTarget section */
		CF53FDC61BEFE2F900E7931E /* inf */ = {
			isa = PBXNativeTarget;
			buildConfigurationList = CF53FDCE1BEFE2F900E7931E /* Build configuration list for PBXNativeTarget "inf" */;
			buildPhases = (
				CF53FDC31BEFE2F900E7931E /* Sources */,
				CF53FDC41BEFE2F900E7931E /* Frameworks */,
				CF53FDC51BEFE2F900E7931E /* CopyFiles */,
			);
			buildRules = (
			);
			dependencies = (
			);
			name = inf;
			productName = inf;
			productReference = CF53FDC71BEFE2F900E7931E /* inf */;
			productType = "com.apple.product-type.tool";
		};
/* End PBXNativeTarget section */

/* Begin PBXProject section */
		CF53FDBF1BEFE2F900E7931E /* Project object */ = {
			isa = PBXProject;
			attributes = {
				LastUpgradeCheck = 0710;
				ORGANIZATIONNAME = "Ashutosh K";
				TargetAttributes = {
					CF53FDC61BEFE2F900E7931E = {
						CreatedOnToolsVersion = 7.1;
					};
				};
			};
			buildConfigurationList = CF53FDC21BEFE2F900E7931E /* Build configuration list for PBXProject "inf" */;
			compatibilityVersion = "Xcode 3.2";
			developmentRegion = English;
			hasScannedForEncodings = 0;
			knownRegions = (
				en,
			);
			mainGroup = CF53FDBE1BEFE2F900E7931E;
			productRefGroup = CF53FDC81BEFE2F900E7931E /* Products */;
			projectDirPath = "";
			projectRoot = "";
			targets = (
				CF53FDC61BEFE2F900E7931E /* inf */,
			);
		};
/* End PBXProject section */

/* Begin PBXSourcesBuildPhase section */
		CF53FDC31BEFE2F900E7931E /* Sources */ = {
			isa = PBXSourcesBuildPhase;
			buildActionMask = 2147483647;
			files = (
				CF5C8E081BEFE46E00AF20F6 /* main.c in Sources */,
			);
			runOnlyForDeploymentPostprocessing = 0;
		};
/* End PBXSourcesBuildPhase section */

/* Begin XCBuildConfiguration section */
		CF53FDCC1BEFE2F900E7931E /* Debug */ = {
			isa = XCBuildConfiguration;
			buildSettings = {
				ALWAYS_SEARCH_USER_PATHS = NO;
				CLANG_CXX_LANGUAGE_STANDARD = "gnu++0x";
				CLANG_CXX_LIBRARY = "libc++";
				CLANG_ENABLE_MODULES = YES;
				CLANG_ENABLE_OBJC_ARC = YES;
				CLANG_WARN_BOOL_CONVERSION = YES;
				CLANG_WARN_CONSTANT_CONVERSION = YES;
				CLANG_WARN_DIRECT_OBJC_ISA_USAGE = YES_ERROR;
				CLANG_WARN_EMPTY_BODY = YES;
				CLANG_WARN_ENUM_CONVERSION = YES;
				CLANG_WARN_INT_CONVERSION = YES;
				CLANG_WARN_OBJC_ROOT_CLASS = YES_ERROR;
				CLANG_WARN_UNREACHABLE_CODE = YES;
				CLANG_WARN__DUPLICATE_METHOD_MATCH = YES;
				CODE_SIGN_IDENTITY = "-";
				COPY_PHASE_STRIP = NO;
				DEBUG_INFORMATION_FORMAT = dwarf;
				ENABLE_STRICT_OBJC_MSGSEND = YES;
				ENABLE_TESTABILITY = YES;
				GCC_C_LANGUAGE_STANDARD = gnu99;
				GCC_DYNAMIC_NO_PIC = NO;
				GCC_NO_COMMON_BLOCKS = YES;
				GCC_OPTIMIZATION_LEVEL = 0;
				GCC_PREPROCESSOR_DEFINITIONS = (
					"DEBUG=1",
					"$(inherited)",
				);
				GCC_WARN_64_TO_32_BIT_CONVERSION = YES;
				GCC_WARN_ABOUT_RETURN_TYPE = YES_ERROR;
				GCC_WARN_UNDECLARED_SELECTOR = YES;
				GCC_WARN_UNINITIALIZED_AUTOS = YES_AGGRESSIVE;
				GCC_WARN_UNUSED_FUNCTION = YES;
				GCC_WARN_UNUSED_VARIABLE = YES;
				MACOSX_DEPLOYMENT_TARGET = 10.11;
				MTL_ENABLE_DEBUG_INFO = YES;
				ONLY_ACTIVE_ARCH = YES;
				SDKROOT = macosx;
			};
			name = Debug;
		};
		CF53FDCD1BEFE2F900E7931E /* Release */ = {
			isa = XCBuildConfiguration;
			buildSettings = {
				ALWAYS_SEARCH_USER_PATHS = NO;
				CLANG_CXX_LANGUAGE_STANDARD = "gnu++0x";
				CLANG_CXX_LIBRARY = "libc++";
				CLANG_ENABLE_MODULES = YES;
				CLANG_ENABLE_OBJC_ARC = YES;
				CLANG_WARN_BOOL_CONVERSION = YES;
				CLANG_WARN_CONSTANT_CONVERSION = YES;
				CLANG_WARN_DIRECT_OBJC_ISA_USAGE = YES_ERROR;
				CLANG_WARN_EMPTY_BODY = YES;
				CLANG_WARN_ENUM_CONVERSION = YES;
				CLANG_WARN_INT_CONVERSION = YES;
				CLANG_WARN_OBJC_ROOT_CLASS = YES_ERROR;
				CLANG_WARN_UNREACHABLE_CODE = YES;
				CLANG_WARN__DUPLICATE_METHOD_MATCH = YES;
				CODE_SIGN_IDENTITY = "-";
				COPY_PHASE_STRIP = NO;
				DEBUG_INFORMATION_FORMAT = "dwarf-with-dsym";
				ENABLE_NS_ASSERTIONS = NO;
				ENABLE_STRICT_OBJC_MSGSEND = YES;
				GCC_C_LANGUAGE_STANDARD = gnu99;
				GCC_NO_COMMON_BLOCKS = YES;
				GCC_WARN_64_TO_32_BIT_CONVERSION = YES;
				GCC_WARN_ABOUT_RETURN_TYPE = YES_ERROR;
				GCC_WARN_UNDECLARED_SELECTOR = YES;
				GCC_WARN_UNINITIALIZED_AUTOS = YES_AGGRESSIVE;
				GCC_WARN_UNUSED_FUNCTION = YES;
				GCC_WARN_UNUSED_VARIABLE = YES;
				MACOSX_DEPLOYMENT_TARGET = 10.11;
				MTL_ENABLE_DEBUG_INFO = NO;
				SDKROOT = macosx;
			};
			name = Release;
		};
		CF53FDCF1BEFE2F900E7931E /* Debug */ = {
			isa = XCBuildConfiguration;
			buildSettings = {
				PRODUCT_NAME = "$(TARGET_NAME)";
			};
			name = Debug;
		};
		CF53FDD01BEFE2F900E7931E /* Release */ = {
			isa = XCBuildConfiguration;
			buildSettings = {
				PRODUCT_NAME = "$(TARGET_NAME)";
			};
			name = Release;
		};
/* End XCBuildConfiguration section */

/* Begin XCConfigurationList section */
		CF53FDC21BEFE2F900E7931E /* Build configuration list for PBXProject "inf" */ = {
			isa = XCConfigurationList;
			buildConfigurations = (
				CF53FDCC1BEFE2F900E7931E /* Debug */,
				CF53FDCD1BEFE2F900E7931E /* Release */,
			);
			defaultConfigurationIsVisible = 0;
			defaultConfigurationName = Release;
		};
		CF53FDCE1BEFE2F900E7931E /* Build configuration list for PBXNativeTarget "inf" */ = {
			isa = XCConfigurationList;
			buildConfigurations = (
				CF53FDCF1BEFE2F900E7931E /* Debug */,
				CF53FDD01BEFE2F900E7931E /* Release */,
			);
			defaultConfigurationIsVisible = 0;
			defaultConfigurationName = Release;
		};
/* End XCConfigurationList section */
	};
	rootObject = CF53FDBF1BEFE2F900E7931E /* Project object */;
}
